
Microsoft Visual Studio Solution File, Format Version 12.00
# Visual Studio 14
VisualStudioVersion = 14.0.25420.1
MinimumVisualStudioVersion = 10.0.40219.1
Project("{8BC9CEB8-8B4A-11D0-8D11-00A0C91BC942}") = "RenderEngineDX12", "RenderEngineDX12\RenderEngineDX12.vcxproj", "{1FBB174F-0A0B-47C2-A616-77DCB7A93AB0}"
	ProjectSection(ProjectDependencies) = postProject
		{28BF1495-2160-4643-9C6B-FB272346AB52} = {28BF1495-2160-4643-9C6B-FB272346AB52}
	EndProjectSection
EndProject
Project("{8BC9CEB8-8B4A-11D0-8D11-00A0C91BC942}") = "GameEngine", "GameEngine\GameEngine.vcxproj", "{28BF1495-2160-4643-9C6B-FB272346AB52}"
EndProject
Project("{FAE04EC0-301F-11D3-BF4B-00C04F79EFBC}") = "Editor", "Editor\Editor.csproj", "{BC05327F-3944-4894-8405-C5FA6679983D}"
EndProject
Global
	GlobalSection(SolutionConfigurationPlatforms) = preSolution
		Debug|Any CPU = Debug|Any CPU
		Debug|x64 = Debug|x64
		Debug|x86 = Debug|x86
		Release|Any CPU = Release|Any CPU
		Release|x64 = Release|x64
		Release|x86 = Release|x86
	EndGlobalSection
	GlobalSection(ProjectConfigurationPlatforms) = postSolution
		{1FBB174F-0A0B-47C2-A616-77DCB7A93AB0}.Debug|Any CPU.ActiveCfg = Debug|Win32
		{1FBB174F-0A0B-47C2-A616-77DCB7A93AB0}.Debug|x64.ActiveCfg = Debug|x64
		{1FBB174F-0A0B-47C2-A616-77DCB7A93AB0}.Debug|x64.Build.0 = Debug|x64
		{1FBB174F-0A0B-47C2-A616-77DCB7A93AB0}.Debug|x86.ActiveCfg = Debug|Win32
		{1FBB174F-0A0B-47C2-A616-77DCB7A93AB0}.Debug|x86.Build.0 = Debug|Win32
		{1FBB174F-0A0B-47C2-A616-77DCB7A93AB0}.Release|Any CPU.ActiveCfg = Release|Win32
		{1FBB174F-0A0B-47C2-A616-77DCB7A93AB0}.Release|x64.ActiveCfg = Release|x64
		{1FBB174F-0A0B-47C2-A616-77DCB7A93AB0}.Release|x64.Build.0 = Release|x64
		{1FBB174F-0A0B-47C2-A616-77DCB7A93AB0}.Release|x86.ActiveCfg = Release|Win32
		{1FBB174F-0A0B-47C2-A616-77DCB7A93AB0}.Release|x86.Build.0 = Release|Win32
		{28BF1495-2160-4643-9C6B-FB272346AB52}.Debug|Any CPU.ActiveCfg = Debug|Win32
		{28BF1495-2160-4643-9C6B-FB272346AB52}.Debug|x64.ActiveCfg = Debug|x64
		{28BF1495-2160-4643-9C6B-FB272346AB52}.Debug|x64.Build.0 = Debug|x64
		{28BF1495-2160-4643-9C6B-FB272346AB52}.Debug|x86.ActiveCfg = Debug|Win32
		{28BF1495-2160-4643-9C6B-FB272346AB52}.Debug|x86.Build.0 = Debug|Win32
		{28BF1495-2160-4643-9C6B-FB272346AB52}.Release|Any CPU.ActiveCfg = Release|Win32
		{28BF1495-2160-4643-9C6B-FB272346AB52}.Release|x64.ActiveCfg = Release|x64
		{28BF1495-2160-4643-9C6B-FB272346AB52}.Release|x64.Build.0 = Release|x64
		{28BF1495-2160-4643-9C6B-FB272346AB52}.Release|x86.ActiveCfg = Release|Win32
		{28BF1495-2160-4643-9C6B-FB272346AB52}.Release|x86.Build.0 = Release|Win32
		{BC05327F-3944-4894-8405-C5FA6679983D}.Debug|Any CPU.ActiveCfg = Debug|Any CPU
		{BC05327F-3944-4894-8405-C5FA6679983D}.Debug|Any CPU.Build.0 = Debug|Any CPU
		{BC05327F-3944-4894-8405-C5FA6679983D}.Debug|x64.ActiveCfg = Debug|Any CPU
		{BC05327F-3944-4894-8405-C5FA6679983D}.Debug|x64.Build.0 = Debug|Any CPU
		{BC05327F-3944-4894-8405-C5FA6679983D}.Debug|x86.ActiveCfg = Debug|Any CPU
		{BC05327F-3944-4894-8405-C5FA6679983D}.Debug|x86.Build.0 = Debug|Any CPU
		{BC05327F-3944-4894-8405-C5FA6679983D}.Release|Any CPU.ActiveCfg = Release|Any CPU
		{BC05327F-3944-4894-8405-C5FA6679983D}.Release|Any CPU.Build.0 = Release|Any CPU
		{BC05327F-3944-4894-8405-C5FA6679983D}.Release|x64.ActiveCfg = Release|Any CPU
		{BC05327F-3944-4894-8405-C5FA6679983D}.Release|x64.Build.0 = Release|Any CPU
		{BC05327F-3944-4894-8405-C5FA6679983D}.Release|x86.ActiveCfg = Release|Any CPU
		{BC05327F-3944-4894-8405-C5FA6679983D}.Release|x86.Build.0 = Release|Any CPU
	EndGlobalSection
	GlobalSection(SolutionProperties) = preSolution
		HideSolutionNode = FALSE
	EndGlobalSection
EndGlobal
